
Microsoft Visual Studio Solution File, Format Version 12.00
# Visual Studio Version 17
VisualStudioVersion = 17.4.33403.182
MinimumVisualStudioVersion = 10.0.40219.1
Project("{FAE04EC0-301F-11D3-BF4B-00C04F79EFBC}") = "NotePerson", "NotePerson.csproj", "{AD654A4E-983F-47B0-A191-714D54BB1143}"
EndProject
Global
	GlobalSection(SolutionConfigurationPlatforms) = preSolution
		Debug|Any CPU = Debug|Any CPU
		Release|Any CPU = Release|Any CPU
	EndGlobalSection
	GlobalSection(ProjectConfigurationPlatforms) = postSolution
		{AD654A4E-983F-47B0-A191-714D54BB1143}.Debug|Any CPU.ActiveCfg = Debug|Any CPU
		{AD654A4E-983F-47B0-A191-714D54BB1143}.Debug|Any CPU.Build.0 = Debug|Any CPU
		{AD654A4E-983F-47B0-A191-714D54BB1143}.Release|Any CPU.ActiveCfg = Release|Any CPU
		{AD654A4E-983F-47B0-A191-714D54BB1143}.Release|Any CPU.Build.0 = Release|Any CPU
	EndGlobalSection
	GlobalSection(SolutionProperties) = preSolution
		HideSolutionNode = FALSE
	EndGlobalSection
	GlobalSection(ExtensibilityGlobals) = postSolution
		SolutionGuid = {068C317E-619F-4969-AEAE-5E8C0B0E0FC2}
	EndGlobalSection
EndGlobal
